PODS:
  - CJBaseUIKit/UIColor (0.8.0)
  - CJDataVientianeSDK-Swift/Date (0.0.1)
  - CJViewElement-Swift (0.0.1):
    - CJViewElement-Swift/CommonSettingRow (= 0.0.1)
    - CJViewElement-Swift/ComponentConfigModel (= 0.0.1)
    - CJViewElement-Swift/Extension (= 0.0.1)
    - CJViewElement-Swift/Model (= 0.0.1)
    - CJViewElement-Swift/SquareResultView (= 0.0.1)
  - CJViewElement-Swift/CommonSettingRow (0.0.1)
  - CJViewElement-Swift/ComponentConfigModel (0.0.1)
  - CJViewElement-Swift/Extension (0.0.1)
  - CJViewElement-Swift/Model (0.0.1)
  - CJViewElement-Swift/SquareResultView (0.0.1)
  - CQDemoKit/BaseUIKit (0.7.1):
    - Masonry
  - CQDemoKit/BaseUtil (0.7.1)
  - CQDemoKit/BaseVC (0.7.1):
    - CQDemoKit/BaseVC/Base (= 0.7.1)
    - CQDemoKit/BaseVC/Collection (= 0.7.1)
    - CQDemoKit/BaseVC/ScrollView (= 0.7.1)
    - CQDemoKit/BaseVC/TabBar (= 0.7.1)
    - CQDemoKit/BaseVC/TableView (= 0.7.1)
    - CQDemoKit/BaseVC/TextView (= 0.7.1)
    - CQDemoKit/Helper
  - CQDemoKit/BaseVC/Base (0.7.1):
    - CQDemoKit/BaseUIKit
    - CQDemoKit/Helper
    - Masonry
  - CQDemoKit/BaseVC/Collection (0.7.1):
    - CQDemoKit/BaseVC/Base
    - CQDemoKit/Helper
  - CQDemoKit/BaseVC/ScrollView (0.7.1):
    - CQDemoKit/BaseVC/Base
    - CQDemoKit/Helper
  - CQDemoKit/BaseVC/TabBar (0.7.1):
    - CQDemoKit/Helper
  - CQDemoKit/BaseVC/TableView (0.7.1):
    - CQDemoKit/BaseVC/Base
    - CQDemoKit/Helper
  - CQDemoKit/BaseVC/TextView (0.7.1):
    - CQDemoKit/BaseUtil
    - CQDemoKit/BaseVC/Base
    - CQDemoKit/Helper
  - CQDemoKit/Helper (0.7.1)
  - libwebp (1.3.2):
    - libwebp/demux (= 1.3.2)
    - libwebp/mux (= 1.3.2)
    - libwebp/sharpyuv (= 1.3.2)
    - libwebp/webp (= 1.3.2)
  - libwebp/demux (1.3.2):
    - libwebp/webp
  - libwebp/mux (1.3.2):
    - libwebp/demux
  - libwebp/sharpyuv (1.3.2)
  - libwebp/webp (1.3.2):
    - libwebp/sharpyuv
  - Masonry (1.1.0)
  - SDWebImage (5.19.7):
    - SDWebImage/Core (= 5.19.7)
  - SDWebImage/Core (5.19.7)
  - SDWebImageSwiftUI (3.1.1):
    - SDWebImage (~> 5.10)
  - SDWebImageWebPCoder (0.14.6):
    - libwebp (~> 1.0)
    - SDWebImage/Core (~> 5.17)
  - SnapKit (5.7.1)

DEPENDENCIES:
  - CJBaseUIKit/UIColor (~> 0.8.0)
  - CJDataVientianeSDK-Swift/Date (~> 0.0.1)
  - CJViewElement-Swift (from `../`)
  - CQDemoKit/BaseVC (~> 0.7.1)
  - SDWebImage (= 5.19.7)
  - SDWebImageSwiftUI (= 3.1.1)
  - SDWebImageWebPCoder (= 0.14.6)
  - SnapKit

SPEC REPOS:
  https://github.com/CocoaPods/Specs.git:
    - CJBaseUIKit
    - CJDataVientianeSDK-Swift
    - CQDemoKit
    - libwebp
    - Masonry
    - SDWebImage
    - SDWebImageSwiftUI
    - SDWebImageWebPCoder
    - SnapKit

EXTERNAL SOURCES:
  CJViewElement-Swift:
    :path: "../"

SPEC CHECKSUMS:
  CJBaseUIKit: 1aae41e618536f39628c79a7461f48e6979b8a5e
  CJDataVientianeSDK-Swift: 202f7c52e557f037c8aa1f0d9e8b131631a4b600
  CJViewElement-Swift: c8ff58ffe0946ddeb1ce7f3df5991c5bb6fd5d34
  CQDemoKit: d3c8f63f39f685299711194a65bb2f6ec11bc947
  libwebp: 1786c9f4ff8a279e4dac1e8f385004d5fc253009
  Masonry: 678fab65091a9290e40e2832a55e7ab731aad201
  SDWebImage: 8a6b7b160b4d710e2a22b6900e25301075c34cb3
  SDWebImageSwiftUI: dcff3d05fd0579ff280221ae8856c34ac3b67f25
  SDWebImageWebPCoder: e38c0a70396191361d60c092933e22c20d5b1380
  SnapKit: d612e99e678a2d3b95bf60b0705ed0a35c03484a

PODFILE CHECKSUM: 59e37098e419d678dd186c417daaf94e56a18ded

COCOAPODS: 1.16.2
